// !$*UTF8*$!
{
	archiveVersion = 1;
	classes = {
	};
	objectVersion = 50;
	objects = {

/* Begin PBXBuildFile section */
		8453E930263D7EDF00101DDE /* CalendarCollectionViewCell.swift in Sources */ = {isa = PBXBuildFile; fileRef = 8453E92F263D7EDF00101DDE /* CalendarCollectionViewCell.swift */; };
		8453E935263DA75300101DDE /* CalendarHelper.swift in Sources */ = {isa = PBXBuildFile; fileRef = 8453E934263DA75300101DDE /* CalendarHelper.swift */; };
		8453E93B263DCE5F00101DDE /* Task.swift in Sources */ = {isa = PBXBuildFile; fileRef = 8453E93A263DCE5F00101DDE /* Task.swift */; };
		8453E93F263DD25800101DDE /* Bundle.swift in Sources */ = {isa = PBXBuildFile; fileRef = 8453E93E263DD25800101DDE /* Bundle.swift */; };
		8453E94B263DF81100101DDE /* taskData.json in Resources */ = {isa = PBXBuildFile; fileRef = 8453E94A263DF81100101DDE /* taskData.json */; };
		8453E94F263EB72C00101DDE /* TaskTableViewCell.swift in Sources */ = {isa = PBXBuildFile; fileRef = 8453E94E263EB72C00101DDE /* TaskTableViewCell.swift */; };
		8462486E263D60B100C8FDE9 /* AppDelegate.swift in Sources */ = {isa = PBXBuildFile; fileRef = 8462486D263D60B100C8FDE9 /* AppDelegate.swift */; };
		84624870263D60B100C8FDE9 /* SceneDelegate.swift in Sources */ = {isa = PBXBuildFile; fileRef = 8462486F263D60B100C8FDE9 /* SceneDelegate.swift */; };
		84624872263D60B100C8FDE9 /* TaskViewController.swift in Sources */ = {isa = PBXBuildFile; fileRef = 84624871263D60B100C8FDE9 /* TaskViewController.swift */; };
		84624875263D60B100C8FDE9 /* Main.storyboard in Resources */ = {isa = PBXBuildFile; fileRef = 84624873263D60B100C8FDE9 /* Main.storyboard */; };
		84624877263D60B500C8FDE9 /* Assets.xcassets in Resources */ = {isa = PBXBuildFile; fileRef = 84624876263D60B500C8FDE9 /* Assets.xcassets */; };
		8462487A263D60B500C8FDE9 /* LaunchScreen.storyboard in Resources */ = {isa = PBXBuildFile; fileRef = 84624878263D60B500C8FDE9 /* LaunchScreen.storyboard */; };
/* End PBXBuildFile section */

/* Begin PBXFileReference section */
		8453E92F263D7EDF00101DDE /* CalendarCollectionViewCell.swift */ = {isa = PBXFileReference; lastKnownFileType = sourcecode.swift; path = CalendarCollectionViewCell.swift; sourceTree = "<group>"; };
		8453E934263DA75300101DDE /* CalendarHelper.swift */ = {isa = PBXFileReference; lastKnownFileType = sourcecode.swift; path = CalendarHelper.swift; sourceTree = "<group>"; };
		8453E93A263DCE5F00101DDE /* Task.swift */ = {isa = PBXFileReference; lastKnownFileType = sourcecode.swift; path = Task.swift; sourceTree = "<group>"; };
		8453E93E263DD25800101DDE /* Bundle.swift */ = {isa = PBXFileReference; lastKnownFileType = sourcecode.swift; path = Bundle.swift; sourceTree = "<group>"; };
		8453E94A263DF81100101DDE /* taskData.json */ = {isa = PBXFileReference; lastKnownFileType = text.json; path = taskData.json; sourceTree = "<group>"; };
		8453E94E263EB72C00101DDE /* TaskTableViewCell.swift */ = {isa = PBXFileReference; lastKnownFileType = sourcecode.swift; path = TaskTableViewCell.swift; sourceTree = "<group>"; };
		8462486A263D60B100C8FDE9 /* ToDoAppTestTask.app */ = {isa = PBXFileReference; explicitFileType = wrapper.application; includeInIndex = 0; path = ToDoAppTestTask.app; sourceTree = BUILT_PRODUCTS_DIR; };
		8462486D263D60B100C8FDE9 /* AppDelegate.swift */ = {isa = PBXFileReference; lastKnownFileType = sourcecode.swift; path = AppDelegate.swift; sourceTree = "<group>"; };
		8462486F263D60B100C8FDE9 /* SceneDelegate.swift */ = {isa = PBXFileReference; lastKnownFileType = sourcecode.swift; path = SceneDelegate.swift; sourceTree = "<group>"; };
		84624871263D60B100C8FDE9 /* TaskViewController.swift */ = {isa = PBXFileReference; lastKnownFileType = sourcecode.swift; path = TaskViewController.swift; sourceTree = "<group>"; };
		84624874263D60B100C8FDE9 /* Base */ = {isa = PBXFileReference; lastKnownFileType = file.storyboard; name = Base; path = Base.lproj/Main.storyboard; sourceTree = "<group>"; };
		84624876263D60B500C8FDE9 /* Assets.xcassets */ = {isa = PBXFileReference; lastKnownFileType = folder.assetcatalog; path = Assets.xcassets; sourceTree = "<group>"; };
		84624879263D60B500C8FDE9 /* Base */ = {isa = PBXFileReference; lastKnownFileType = file.storyboard; name = Base; path = Base.lproj/LaunchScreen.storyboard; sourceTree = "<group>"; };
		8462487B263D60B500C8FDE9 /* Info.plist */ = {isa = PBXFileReference; lastKnownFileType = text.plist.xml; path = Info.plist; sourceTree = "<group>"; };
/* End PBXFileReference section */

/* Begin PBXFrameworksBuildPhase section */
		84624867263D60B100C8FDE9 /* Frameworks */ = {
			isa = PBXFrameworksBuildPhase;
			buildActionMask = 2147483647;
			files = (
			);
			runOnlyForDeploymentPostprocessing = 0;
		};
/* End PBXFrameworksBuildPhase section */

/* Begin PBXGroup section */
		8453E92D263D7EA400101DDE /* Cell */ = {
			isa = PBXGroup;
			children = (
				8453E92F263D7EDF00101DDE /* CalendarCollectionViewCell.swift */,
				8453E94E263EB72C00101DDE /* TaskTableViewCell.swift */,
			);
			path = Cell;
			sourceTree = "<group>";
		};
		8453E933263D871300101DDE /* Services */ = {
			isa = PBXGroup;
			children = (
				8453E934263DA75300101DDE /* CalendarHelper.swift */,
			);
			path = Services;
			sourceTree = "<group>";
		};
		8453E945263DF04700101DDE /* Extension */ = {
			isa = PBXGroup;
			children = (
				8453E93E263DD25800101DDE /* Bundle.swift */,
			);
			path = Extension;
			sourceTree = "<group>";
		};
		84624861263D60B100C8FDE9 = {
			isa = PBXGroup;
			children = (
				8462486C263D60B100C8FDE9 /* ToDoAppTestTask */,
				8462486B263D60B100C8FDE9 /* Products */,
			);
			sourceTree = "<group>";
		};
		8462486B263D60B100C8FDE9 /* Products */ = {
			isa = PBXGroup;
			children = (
				8462486A263D60B100C8FDE9 /* ToDoAppTestTask.app */,
			);
			name = Products;
			sourceTree = "<group>";
		};
		8462486C263D60B100C8FDE9 /* ToDoAppTestTask */ = {
			isa = PBXGroup;
			children = (
				84624887263D63C500C8FDE9 /* App */,
				84624884263D639200C8FDE9 /* Model */,
				84624885263D63A000C8FDE9 /* View */,
				84624886263D63AF00C8FDE9 /* Controllers */,
				8453E933263D871300101DDE /* Services */,
				8453E945263DF04700101DDE /* Extension */,
				84624876263D60B500C8FDE9 /* Assets.xcassets */,
				8462487B263D60B500C8FDE9 /* Info.plist */,
				8453E94A263DF81100101DDE /* taskData.json */,
			);
			path = ToDoAppTestTask;
			sourceTree = "<group>";
		};
		84624884263D639200C8FDE9 /* Model */ = {
			isa = PBXGroup;
			children = (
				8453E93A263DCE5F00101DDE /* Task.swift */,
			);
			path = Model;
			sourceTree = "<group>";
		};
		84624885263D63A000C8FDE9 /* View */ = {
			isa = PBXGroup;
			children = (
				8453E92D263D7EA400101DDE /* Cell */,
				84624889263D63DD00C8FDE9 /* Storyboards */,
			);
			path = View;
			sourceTree = "<group>";
		};
		84624886263D63AF00C8FDE9 /* Controllers */ = {
			isa = PBXGroup;
			children = (
				84624871263D60B100C8FDE9 /* TaskViewController.swift */,
			);
			path = Controllers;
			sourceTree = "<group>";
		};
		84624887263D63C500C8FDE9 /* App */ = {
			isa = PBXGroup;
			children = (
				8462486D263D60B100C8FDE9 /* AppDelegate.swift */,
				8462486F263D60B100C8FDE9 /* SceneDelegate.swift */,
			);
			path = App;
			sourceTree = "<group>";
		};
		84624889263D63DD00C8FDE9 /* Storyboards */ = {
			isa = PBXGroup;
			children = (
				84624873263D60B100C8FDE9 /* Main.storyboard */,
				84624878263D60B500C8FDE9 /* LaunchScreen.storyboard */,
			);
			path = Storyboards;
			sourceTree = "<group>";
		};
/* End PBXGroup section */

/* Begin PBXNativeTarget section */
		84624869263D60B100C8FDE9 /* ToDoAppTestTask */ = {
			isa = PBXNativeTarget;
			buildConfigurationList = 8462487E263D60B500C8FDE9 /* Build configuration list for PBXNativeTarget "ToDoAppTestTask" */;
			buildPhases = (
				84624866263D60B100C8FDE9 /* Sources */,
				84624867263D60B100C8FDE9 /* Frameworks */,
				84624868263D60B100C8FDE9 /* Resources */,
			);
			buildRules = (
			);
			dependencies = (
			);
			name = ToDoAppTestTask;
			productName = ToDoAppTestTask;
			productReference = 8462486A263D60B100C8FDE9 /* ToDoAppTestTask.app */;
			productType = "com.apple.product-type.application";
		};
/* End PBXNativeTarget section */

/* Begin PBXProject section */
		84624862263D60B100C8FDE9 /* Project object */ = {
			isa = PBXProject;
			attributes = {
				LastSwiftUpdateCheck = 1220;
				LastUpgradeCheck = 1220;
				TargetAttributes = {
					84624869263D60B100C8FDE9 = {
						CreatedOnToolsVersion = 12.2;
					};
				};
			};
			buildConfigurationList = 84624865263D60B100C8FDE9 /* Build configuration list for PBXProject "ToDoAppTestTask" */;
			compatibilityVersion = "Xcode 9.3";
			developmentRegion = en;
			hasScannedForEncodings = 0;
			knownRegions = (
				en,
				Base,
			);
			mainGroup = 84624861263D60B100C8FDE9;
			productRefGroup = 8462486B263D60B100C8FDE9 /* Products */;
			projectDirPath = "";
			projectRoot = "";
			targets = (
				84624869263D60B100C8FDE9 /* ToDoAppTestTask */,
			);
		};
/* End PBXProject section */

/* Begin PBXResourcesBuildPhase section */
		84624868263D60B100C8FDE9 /* Resources */ = {
			isa = PBXResourcesBuildPhase;
			buildActionMask = 2147483647;
			files = (
				8462487A263D60B500C8FDE9 /* LaunchScreen.storyboard in Resources */,
				84624877263D60B500C8FDE9 /* Assets.xcassets in Resources */,
				8453E94B263DF81100101DDE /* taskData.json in Resources */,
				84624875263D60B100C8FDE9 /* Main.storyboard in Resources */,
			);
			runOnlyForDeploymentPostprocessing = 0;
		};
/* End PBXResourcesBuildPhase section */

/* Begin PBXSourcesBuildPhase section */
		84624866263D60B100C8FDE9 /* Sources */ = {
			isa = PBXSourcesBuildPhase;
			buildActionMask = 2147483647;
			files = (
				8453E94F263EB72C00101DDE /* TaskTableViewCell.swift in Sources */,
				8453E930263D7EDF00101DDE /* CalendarCollectionViewCell.swift in Sources */,
				8453E93F263DD25800101DDE /* Bundle.swift in Sources */,
				84624872263D60B100C8FDE9 /* TaskViewController.swift in Sources */,
				8462486E263D60B100C8FDE9 /* AppDelegate.swift in Sources */,
				84624870263D60B100C8FDE9 /* SceneDelegate.swift in Sources */,
				8453E93B263DCE5F00101DDE /* Task.swift in Sources */,
				8453E935263DA75300101DDE /* CalendarHelper.swift in Sources */,
			);
			runOnlyForDeploymentPostprocessing = 0;
		};
/* End PBXSourcesBuildPhase section */

/* Begin PBXVariantGroup section */
		84624873263D60B100C8FDE9 /* Main.storyboard */ = {
			isa = PBXVariantGroup;
			children = (
				84624874263D60B100C8FDE9 /* Base */,
			);
			name = Main.storyboard;
			sourceTree = "<group>";
		};
		84624878263D60B500C8FDE9 /* LaunchScreen.storyboard */ = {
			isa = PBXVariantGroup;
			children = (
				84624879263D60B500C8FDE9 /* Base */,
			);
			name = LaunchScreen.storyboard;
			sourceTree = "<group>";
		};
/* End PBXVariantGroup section */

/* Begin XCBuildConfiguration section */
		8462487C263D60B500C8FDE9 /* Debug */ = {
			isa = XCBuildConfiguration;
			buildSettings = {
				ALWAYS_SEARCH_USER_PATHS = NO;
				CLANG_ANALYZER_NONNULL = YES;
				CLANG_ANALYZER_NUMBER_OBJECT_CONVERSION = YES_AGGRESSIVE;
				CLANG_CXX_LANGUAGE_STANDARD = "gnu++14";
				CLANG_CXX_LIBRARY = "libc++";
				CLANG_ENABLE_MODULES = YES;
				CLANG_ENABLE_OBJC_ARC = YES;
				CLANG_ENABLE_OBJC_WEAK = YES;
				CLANG_WARN_BLOCK_CAPTURE_AUTORELEASING = YES;
				CLANG_WARN_BOOL_CONVERSION = YES;
				CLANG_WARN_COMMA = YES;
				CLANG_WARN_CONSTANT_CONVERSION = YES;
				CLANG_WARN_DEPRECATED_OBJC_IMPLEMENTATIONS = YES;
				CLANG_WARN_DIRECT_OBJC_ISA_USAGE = YES_ERROR;
				CLANG_WARN_DOCUMENTATION_COMMENTS = YES;
				CLANG_WARN_EMPTY_BODY = YES;
				CLANG_WARN_ENUM_CONVERSION = YES;
				CLANG_WARN_INFINITE_RECURSION = YES;
				CLANG_WARN_INT_CONVERSION = YES;
				CLANG_WARN_NON_LITERAL_NULL_CONVERSION = YES;
				CLANG_WARN_OBJC_IMPLICIT_RETAIN_SELF = YES;
				CLANG_WARN_OBJC_LITERAL_CONVERSION = YES;
				CLANG_WARN_OBJC_ROOT_CLASS = YES_ERROR;
				CLANG_WARN_QUOTED_INCLUDE_IN_FRAMEWORK_HEADER = YES;
				CLANG_WARN_RANGE_LOOP_ANALYSIS = YES;
				CLANG_WARN_STRICT_PROTOTYPES = YES;
				CLANG_WARN_SUSPICIOUS_MOVE = YES;
				CLANG_WARN_UNGUARDED_AVAILABILITY = YES_AGGRESSIVE;
				CLANG_WARN_UNREACHABLE_CODE = YES;
				CLANG_WARN__DUPLICATE_METHOD_MATCH = YES;
				COPY_PHASE_STRIP = NO;
				DEBUG_INFORMATION_FORMAT = dwarf;
				ENABLE_STRICT_OBJC_MSGSEND = YES;
				ENABLE_TESTABILITY = YES;
				GCC_C_LANGUAGE_STANDARD = gnu11;
				GCC_DYNAMIC_NO_PIC = NO;
				GCC_NO_COMMON_BLOCKS = YES;
				GCC_OPTIMIZATION_LEVEL = 0;
				GCC_PREPROCESSOR_DEFINITIONS = (
					"DEBUG=1",
					"$(inherited)",
				);
				GCC_WARN_64_TO_32_BIT_CONVERSION = YES;
				GCC_WARN_ABOUT_RETURN_TYPE = YES_ERROR;
				GCC_WARN_UNDECLARED_SELECTOR = YES;
				GCC_WARN_UNINITIALIZED_AUTOS = YES_AGGRESSIVE;
				GCC_WARN_UNUSED_FUNCTION = YES;
				GCC_WARN_UNUSED_VARIABLE = YES;
				IPHONEOS_DEPLOYMENT_TARGET = 11.0;
				MTL_ENABLE_DEBUG_INFO = INCLUDE_SOURCE;
				MTL_FAST_MATH = YES;
				ONLY_ACTIVE_ARCH = YES;
				SDKROOT = iphoneos;
				SWIFT_ACTIVE_COMPILATION_CONDITIONS = DEBUG;
				SWIFT_OPTIMIZATION_LEVEL = "-Onone";
			};
			name = Debug;
		};
		8462487D263D60B500C8FDE9 /* Release */ = {
			isa = XCBuildConfiguration;
			buildSettings = {
				ALWAYS_SEARCH_USER_PATHS = NO;
				CLANG_ANALYZER_NONNULL = YES;
				CLANG_ANALYZER_NUMBER_OBJECT_CONVERSION = YES_AGGRESSIVE;
				CLANG_CXX_LANGUAGE_STANDARD = "gnu++14";
				CLANG_CXX_LIBRARY = "libc++";
				CLANG_ENABLE_MODULES = YES;
				CLANG_ENABLE_OBJC_ARC = YES;
				CLANG_ENABLE_OBJC_WEAK = YES;
				CLANG_WARN_BLOCK_CAPTURE_AUTORELEASING = YES;
				CLANG_WARN_BOOL_CONVERSION = YES;
				CLANG_WARN_COMMA = YES;
				CLANG_WARN_CONSTANT_CONVERSION = YES;
				CLANG_WARN_DEPRECATED_OBJC_IMPLEMENTATIONS = YES;
				CLANG_WARN_DIRECT_OBJC_ISA_USAGE = YES_ERROR;
				CLANG_WARN_DOCUMENTATION_COMMENTS = YES;
				CLANG_WARN_EMPTY_BODY = YES;
				CLANG_WARN_ENUM_CONVERSION = YES;
				CLANG_WARN_INFINITE_RECURSION = YES;
				CLANG_WARN_INT_CONVERSION = YES;
				CLANG_WARN_NON_LITERAL_NULL_CONVERSION = YES;
				CLANG_WARN_OBJC_IMPLICIT_RETAIN_SELF = YES;
				CLANG_WARN_OBJC_LITERAL_CONVERSION = YES;
				CLANG_WARN_OBJC_ROOT_CLASS = YES_ERROR;
				CLANG_WARN_QUOTED_INCLUDE_IN_FRAMEWORK_HEADER = YES;
				CLANG_WARN_RANGE_LOOP_ANALYSIS = YES;
				CLANG_WARN_STRICT_PROTOTYPES = YES;
				CLANG_WARN_SUSPICIOUS_MOVE = YES;
				CLANG_WARN_UNGUARDED_AVAILABILITY = YES_AGGRESSIVE;
				CLANG_WARN_UNREACHABLE_CODE = YES;
				CLANG_WARN__DUPLICATE_METHOD_MATCH = YES;
				COPY_PHASE_STRIP = NO;
				DEBUG_INFORMATION_FORMAT = "dwarf-with-dsym";
				ENABLE_NS_ASSERTIONS = NO;
				ENABLE_STRICT_OBJC_MSGSEND = YES;
				GCC_C_LANGUAGE_STANDARD = gnu11;
				GCC_NO_COMMON_BLOCKS = YES;
				GCC_WARN_64_TO_32_BIT_CONVERSION = YES;
				GCC_WARN_ABOUT_RETURN_TYPE = YES_ERROR;
				GCC_WARN_UNDECLARED_SELECTOR = YES;
				GCC_WARN_UNINITIALIZED_AUTOS = YES_AGGRESSIVE;
				GCC_WARN_UNUSED_FUNCTION = YES;
				GCC_WARN_UNUSED_VARIABLE = YES;
				IPHONEOS_DEPLOYMENT_TARGET = 11.0;
				MTL_ENABLE_DEBUG_INFO = NO;
				MTL_FAST_MATH = YES;
				SDKROOT = iphoneos;
				SWIFT_COMPILATION_MODE = wholemodule;
				SWIFT_OPTIMIZATION_LEVEL = "-O";
				VALIDATE_PRODUCT = YES;
			};
			name = Release;
		};
		8462487F263D60B500C8FDE9 /* Debug */ = {
			isa = XCBuildConfiguration;
			buildSettings = {
				ASSETCATALOG_COMPILER_APPICON_NAME = AppIcon;
				ASSETCATALOG_COMPILER_GLOBAL_ACCENT_COLOR_NAME = AccentColor;
				CODE_SIGN_STYLE = Automatic;
				DEVELOPMENT_TEAM = 5DZ3AVXR7W;
				INFOPLIST_FILE = ToDoAppTestTask/Info.plist;
				IPHONEOS_DEPLOYMENT_TARGET = 11.0;
				LD_RUNPATH_SEARCH_PATHS = (
					"$(inherited)",
					"@executable_path/Frameworks",
				);
				PRODUCT_BUNDLE_IDENTIFIER = IPV.ToDoAppTestTask;
				PRODUCT_NAME = "$(TARGET_NAME)";
				SWIFT_VERSION = 5.0;
				TARGETED_DEVICE_FAMILY = 1;
			};
			name = Debug;
		};
		84624880263D60B500C8FDE9 /* Release */ = {
			isa = XCBuildConfiguration;
			buildSettings = {
				ASSETCATALOG_COMPILER_APPICON_NAME = AppIcon;
				ASSETCATALOG_COMPILER_GLOBAL_ACCENT_COLOR_NAME = AccentColor;
				CODE_SIGN_STYLE = Automatic;
				DEVELOPMENT_TEAM = 5DZ3AVXR7W;
				INFOPLIST_FILE = ToDoAppTestTask/Info.plist;
				IPHONEOS_DEPLOYMENT_TARGET = 11.0;
				LD_RUNPATH_SEARCH_PATHS = (
					"$(inherited)",
					"@executable_path/Frameworks",
				);
				PRODUCT_BUNDLE_IDENTIFIER = IPV.ToDoAppTestTask;
				PRODUCT_NAME = "$(TARGET_NAME)";
				SWIFT_VERSION = 5.0;
				TARGETED_DEVICE_FAMILY = 1;
			};
			name = Release;
		};
/* End XCBuildConfiguration section */

/* Begin XCConfigurationList section */
		84624865263D60B100C8FDE9 /* Build configuration list for PBXProject "ToDoAppTestTask" */ = {
			isa = XCConfigurationList;
			buildConfigurations = (
				8462487C263D60B500C8FDE9 /* Debug */,
				8462487D263D60B500C8FDE9 /* Release */,
			);
			defaultConfigurationIsVisible = 0;
			defaultConfigurationName = Release;
		};
		8462487E263D60B500C8FDE9 /* Build configuration list for PBXNativeTarget "ToDoAppTestTask" */ = {
			isa = XCConfigurationList;
			buildConfigurations = (
				8462487F263D60B500C8FDE9 /* Debug */,
				84624880263D60B500C8FDE9 /* Release */,
			);
			defaultConfigurationIsVisible = 0;
			defaultConfigurationName = Release;
		};
/* End XCConfigurationList section */
	};
	rootObject = 84624862263D60B100C8FDE9 /* Project object */;
}
